
Microsoft Visual Studio Solution File, Format Version 12.00
# Visual Studio Version 17
VisualStudioVersion = 17.8.34511.84
MinimumVisualStudioVersion = 10.0.40219.1
Project("{9A19103F-16F7-4668-BE54-9A1E7A4F7556}") = "LivaSoft-Task", "LivaSoft-Task\LivaSoft-Task.csproj", "{63CD2429-0521-4C94-ABD7-E58427106FD2}"
EndProject
Global
	GlobalSection(SolutionConfigurationPlatforms) = preSolution
		Debug|Any CPU = Debug|Any CPU
		Release|Any CPU = Release|Any CPU
	EndGlobalSection
	GlobalSection(ProjectConfigurationPlatforms) = postSolution
		{63CD2429-0521-4C94-ABD7-E58427106FD2}.Debug|Any CPU.ActiveCfg = Debug|Any CPU
		{63CD2429-0521-4C94-ABD7-E58427106FD2}.Debug|Any CPU.Build.0 = Debug|Any CPU
		{63CD2429-0521-4C94-ABD7-E58427106FD2}.Release|Any CPU.ActiveCfg = Release|Any CPU
		{63CD2429-0521-4C94-ABD7-E58427106FD2}.Release|Any CPU.Build.0 = Release|Any CPU
	EndGlobalSection
	GlobalSection(SolutionProperties) = preSolution
		HideSolutionNode = FALSE
	EndGlobalSection
	GlobalSection(ExtensibilityGlobals) = postSolution
		SolutionGuid = {86B427DB-B183-4A9E-B502-942CB8559EE5}
	EndGlobalSection
EndGlobal
